
Microsoft Visual Studio Solution File, Format Version 12.00
# Visual Studio Version 16
VisualStudioVersion = 16.0.31613.86
MinimumVisualStudioVersion = 10.0.40219.1
Project("{9A19103F-16F7-4668-BE54-9A1E7A4F7556}") = "MyProject", "MyProject.csproj", "{B1A372E1-38CB-4791-9773-B36ECAE3683C}"
EndProject
Global
	GlobalSection(SolutionConfigurationPlatforms) = preSolution
		Debug|Any CPU = Debug|Any CPU
		Release|Any CPU = Release|Any CPU
	EndGlobalSection
	GlobalSection(ProjectConfigurationPlatforms) = postSolution
		{B1A372E1-38CB-4791-9773-B36ECAE3683C}.Debug|Any CPU.ActiveCfg = Debug|Any CPU
		{B1A372E1-38CB-4791-9773-B36ECAE3683C}.Debug|Any CPU.Build.0 = Debug|Any CPU
		{B1A372E1-38CB-4791-9773-B36ECAE3683C}.Release|Any CPU.ActiveCfg = Release|Any CPU
		{B1A372E1-38CB-4791-9773-B36ECAE3683C}.Release|Any CPU.Build.0 = Release|Any CPU
	EndGlobalSection
	GlobalSection(SolutionProperties) = preSolution
		HideSolutionNode = FALSE
	EndGlobalSection
	GlobalSection(ExtensibilityGlobals) = postSolution
		SolutionGuid = {B33FA29A-EF31-4894-BACB-78B962FD46B2}
	EndGlobalSection
EndGlobal
